{
  "name": "my-portfolio",
  "version": "1.0.0",
  "lockfileVersion": 3,
  "requires": true,
  "packages": {
    "": {
      "name": "my-portfolio",
      "version": "1.0.0",
      "devDependencies": {
        "vite": "^5.0.0"
      }
    },
    "node_modules/@esbuild/win32-x64": {
      "version": "0.19.12",
      "resolved": "https://registry.npmjs.org/@esbuild/win32-x64/-/win32-x64-0.19.12.tgz",
      "integrity": "sha512-T1QyPSDCyGDXQC6hA771pdidm117yO8R93A54fR2m99mRlyzV5M4+P9A85/s7IbfSbcEa6Y="
    },
    "node_modules/esbuild": {
      "version": "0.19.12",
      "resolved": "https://registry.npmjs.org/esbuild/-/esbuild-0.19.12.tgz",
      "integrity": "sha512-aARqgq8roFBj0fLhR2DLV4a1p4A9xO92MvSr9Sbc9j4iOP74I+23P5SBL="
    },
    "node_modules/rollup": {
      "version": "4.9.6",
      "resolved": "https://registry.npmjs.org/rollup/-/rollup-4.9.6.tgz",
      "integrity": "sha512-cD3yRAycIq41kK/dACyvN13/n258e7UpxsK04b500D+O8y5B="
    },
    "node_modules/vite": {
      "version": "5.0.12",
      "resolved": "https://registry.npmjs.org/vite/-/vite-5.0.12.tgz",
      "integrity": "sha512-K324wx30IlzxAC3xA6mzs1dH1qXwA66A45iV87k3x1s6M583X=="
    }
  }
}